{
  "originHash" : "4261caf3798150a4de6297d0460417d7d56d8cd626890d394da6fbcec09f45f0",
  "pins" : [
    {
      "identity" : "capacitor-swift-pm",
      "kind" : "remoteSourceControl",
      "location" : "https://github.com/ionic-team/capacitor-swift-pm.git",
      "state" : {
        "revision" : "f1a8fadf1437c23b825c818fb6509c9dbbae2f61",
        "version" : "8.3.1"
      }
    },
    {
      "identity" : "sentry-cocoa",
      "kind" : "remoteSourceControl",
      "location" : "https://github.com/getsentry/sentry-cocoa",
      "state" : {
        "revision" : "0baded16c4bd1f2471949e89bf36289ca2b93080",
        "version" : "9.12.0"
      }
    }
  ],
  "version" : 3
}
